// !$*UTF8*$!
{
	archiveVersion = 1;
	classes = {
	};
	objectVersion = 50;
	objects = {

/* Begin PBXBuildFile section */
		8710EF342395FC6E009D0E0F /* AppDelegate.swift in Sources */ = {isa = PBXBuildFile; fileRef = 8710EF332395FC6E009D0E0F /* AppDelegate.swift */; };
		8710EF362395FC6E009D0E0F /* SceneDelegate.swift in Sources */ = {isa = PBXBuildFile; fileRef = 8710EF352395FC6E009D0E0F /* SceneDelegate.swift */; };
		8710EF382395FC6E009D0E0F /* ViewController.swift in Sources */ = {isa = PBXBuildFile; fileRef = 8710EF372395FC6E009D0E0F /* ViewController.swift */; };
		8710EF3B2395FC6E009D0E0F /* Main.storyboard in Resources */ = {isa = PBXBuildFile; fileRef = 8710EF392395FC6E009D0E0F /* Main.storyboard */; };
		8710EF3E2395FC6E009D0E0F /* Practical6_MAD2.xcdatamodeld in Sources */ = {isa = PBXBuildFile; fileRef = 8710EF3C2395FC6E009D0E0F /* Practical6_MAD2.xcdatamodeld */; };
		8710EF402395FC6F009D0E0F /* Assets.xcassets in Resources */ = {isa = PBXBuildFile; fileRef = 8710EF3F2395FC6F009D0E0F /* Assets.xcassets */; };
		8710EF432395FC6F009D0E0F /* LaunchScreen.storyboard in Resources */ = {isa = PBXBuildFile; fileRef = 8710EF412395FC6F009D0E0F /* LaunchScreen.storyboard */; };
		8710EF4D23960282009D0E0F /* QRReaderViewController.swift in Sources */ = {isa = PBXBuildFile; fileRef = 8710EF4C23960282009D0E0F /* QRReaderViewController.swift */; };
		8710EF5323961116009D0E0F /* QRGeneratorViewController.swift in Sources */ = {isa = PBXBuildFile; fileRef = 8710EF5223961116009D0E0F /* QRGeneratorViewController.swift */; };
		97C7E81560DFD69605760B7A /* libPods-Practical6_MAD2.a in Frameworks */ = {isa = PBXBuildFile; fileRef = A5EC077C695C23F14B4200C7 /* libPods-Practical6_MAD2.a */; };
/* End PBXBuildFile section */

/* Begin PBXFileReference section */
		85E88B09D641E759CDA1DAC5 /* Pods-Practical6_MAD2.release.xcconfig */ = {isa = PBXFileReference; includeInIndex = 1; lastKnownFileType = text.xcconfig; name = "Pods-Practical6_MAD2.release.xcconfig"; path = "Target Support Files/Pods-Practical6_MAD2/Pods-Practical6_MAD2.release.xcconfig"; sourceTree = "<group>"; };
		8710EF302395FC6E009D0E0F /* Practical6_MAD2.app */ = {isa = PBXFileReference; explicitFileType = wrapper.application; includeInIndex = 0; path = Practical6_MAD2.app; sourceTree = BUILT_PRODUCTS_DIR; };
		8710EF332395FC6E009D0E0F /* AppDelegate.swift */ = {isa = PBXFileReference; lastKnownFileType = sourcecode.swift; path = AppDelegate.swift; sourceTree = "<group>"; };
		8710EF352395FC6E009D0E0F /* SceneDelegate.swift */ = {isa = PBXFileReference; lastKnownFileType = sourcecode.swift; path = SceneDelegate.swift; sourceTree = "<group>"; };
		8710EF372395FC6E009D0E0F /* ViewController.swift */ = {isa = PBXFileReference; lastKnownFileType = sourcecode.swift; path = ViewController.swift; sourceTree = "<group>"; };
		8710EF3A2395FC6E009D0E0F /* Base */ = {isa = PBXFileReference; lastKnownFileType = file.storyboard; name = Base; path = Base.lproj/Main.storyboard; sourceTree = "<group>"; };
		8710EF3D2395FC6E009D0E0F /* Practical6_MAD2.xcdatamodel */ = {isa = PBXFileReference; lastKnownFileType = wrapper.xcdatamodel; path = Practical6_MAD2.xcdatamodel; sourceTree = "<group>"; };
		8710EF3F2395FC6F009D0E0F /* Assets.xcassets */ = {isa = PBXFileReference; lastKnownFileType = folder.assetcatalog; path = Assets.xcassets; sourceTree = "<group>"; };
		8710EF422395FC6F009D0E0F /* Base */ = {isa = PBXFileReference; lastKnownFileType = file.storyboard; name = Base; path = Base.lproj/LaunchScreen.storyboard; sourceTree = "<group>"; };
		8710EF442395FC6F009D0E0F /* Info.plist */ = {isa = PBXFileReference; lastKnownFileType = text.plist.xml; path = Info.plist; sourceTree = "<group>"; };
		8710EF4C23960282009D0E0F /* QRReaderViewController.swift */ = {isa = PBXFileReference; lastKnownFileType = sourcecode.swift; path = QRReaderViewController.swift; sourceTree = "<group>"; };
		8710EF5223961116009D0E0F /* QRGeneratorViewController.swift */ = {isa = PBXFileReference; fileEncoding = 4; lastKnownFileType = sourcecode.swift; path = QRGeneratorViewController.swift; sourceTree = "<group>"; };
		A5EC077C695C23F14B4200C7 /* libPods-Practical6_MAD2.a */ = {isa = PBXFileReference; explicitFileType = archive.ar; includeInIndex = 0; path = "libPods-Practical6_MAD2.a"; sourceTree = BUILT_PRODUCTS_DIR; };
		E6526D5F6A8C32EADB46CD29 /* Pods-Practical6_MAD2.debug.xcconfig */ = {isa = PBXFileReference; includeInIndex = 1; lastKnownFileType = text.xcconfig; name = "Pods-Practical6_MAD2.debug.xcconfig"; path = "Target Support Files/Pods-Practical6_MAD2/Pods-Practical6_MAD2.debug.xcconfig"; sourceTree = "<group>"; };
/* End PBXFileReference section */

/* Begin PBXFrameworksBuildPhase section */
		8710EF2D2395FC6E009D0E0F /* Frameworks */ = {
			isa = PBXFrameworksBuildPhase;
			buildActionMask = 2147483647;
			files = (
				97C7E81560DFD69605760B7A /* libPods-Practical6_MAD2.a in Frameworks */,
			);
			runOnlyForDeploymentPostprocessing = 0;
		};
/* End PBXFrameworksBuildPhase section */

/* Begin PBXGroup section */
		109E4334E49BDF895C961708 /* Frameworks */ = {
			isa = PBXGroup;
			children = (
				A5EC077C695C23F14B4200C7 /* libPods-Practical6_MAD2.a */,
			);
			name = Frameworks;
			sourceTree = "<group>";
		};
		1C0670C7AAF66F4EEEBDC782 /* Pods */ = {
			isa = PBXGroup;
			children = (
				E6526D5F6A8C32EADB46CD29 /* Pods-Practical6_MAD2.debug.xcconfig */,
				85E88B09D641E759CDA1DAC5 /* Pods-Practical6_MAD2.release.xcconfig */,
			);
			path = Pods;
			sourceTree = "<group>";
		};
		8710EF272395FC6E009D0E0F = {
			isa = PBXGroup;
			children = (
				8710EF322395FC6E009D0E0F /* Practical6_MAD2 */,
				8710EF312395FC6E009D0E0F /* Products */,
				1C0670C7AAF66F4EEEBDC782 /* Pods */,
				109E4334E49BDF895C961708 /* Frameworks */,
			);
			sourceTree = "<group>";
		};
		8710EF312395FC6E009D0E0F /* Products */ = {
			isa = PBXGroup;
			children = (
				8710EF302395FC6E009D0E0F /* Practical6_MAD2.app */,
			);
			name = Products;
			sourceTree = "<group>";
		};
		8710EF322395FC6E009D0E0F /* Practical6_MAD2 */ = {
			isa = PBXGroup;
			children = (
				8710EF5223961116009D0E0F /* QRGeneratorViewController.swift */,
				8710EF332395FC6E009D0E0F /* AppDelegate.swift */,
				8710EF352395FC6E009D0E0F /* SceneDelegate.swift */,
				8710EF372395FC6E009D0E0F /* ViewController.swift */,
				8710EF392395FC6E009D0E0F /* Main.storyboard */,
				8710EF4C23960282009D0E0F /* QRReaderViewController.swift */,
				8710EF3F2395FC6F009D0E0F /* Assets.xcassets */,
				8710EF412395FC6F009D0E0F /* LaunchScreen.storyboard */,
				8710EF442395FC6F009D0E0F /* Info.plist */,
				8710EF3C2395FC6E009D0E0F /* Practical6_MAD2.xcdatamodeld */,
			);
			path = Practical6_MAD2;
			sourceTree = "<group>";
		};
/* End PBXGroup section */

/* Begin PBXNativeTarget section */
		8710EF2F2395FC6E009D0E0F /* Practical6_MAD2 */ = {
			isa = PBXNativeTarget;
			buildConfigurationList = 8710EF472395FC6F009D0E0F /* Build configuration list for PBXNativeTarget "Practical6_MAD2" */;
			buildPhases = (
				E9D946A2C0F0BEF3739A800A /* [CP] Check Pods Manifest.lock */,
				8710EF2C2395FC6E009D0E0F /* Sources */,
				8710EF2D2395FC6E009D0E0F /* Frameworks */,
				8710EF2E2395FC6E009D0E0F /* Resources */,
			);
			buildRules = (
			);
			dependencies = (
			);
			name = Practical6_MAD2;
			productName = Practical6_MAD2;
			productReference = 8710EF302395FC6E009D0E0F /* Practical6_MAD2.app */;
			productType = "com.apple.product-type.application";
		};
/* End PBXNativeTarget section */

/* Begin PBXProject section */
		8710EF282395FC6E009D0E0F /* Project object */ = {
			isa = PBXProject;
			attributes = {
				LastSwiftUpdateCheck = 1100;
				LastUpgradeCheck = 1100;
				ORGANIZATIONNAME = MAD2_P02;
				TargetAttributes = {
					8710EF2F2395FC6E009D0E0F = {
						CreatedOnToolsVersion = 11.0;
					};
				};
			};
			buildConfigurationList = 8710EF2B2395FC6E009D0E0F /* Build configuration list for PBXProject "Practical6_MAD2" */;
			compatibilityVersion = "Xcode 9.3";
			developmentRegion = en;
			hasScannedForEncodings = 0;
			knownRegions = (
				en,
				Base,
			);
			mainGroup = 8710EF272395FC6E009D0E0F;
			productRefGroup = 8710EF312395FC6E009D0E0F /* Products */;
			projectDirPath = "";
			projectRoot = "";
			targets = (
				8710EF2F2395FC6E009D0E0F /* Practical6_MAD2 */,
			);
		};
/* End PBXProject section */

/* Begin PBXResourcesBuildPhase section */
		8710EF2E2395FC6E009D0E0F /* Resources */ = {
			isa = PBXResourcesBuildPhase;
			buildActionMask = 2147483647;
			files = (
				8710EF432395FC6F009D0E0F /* LaunchScreen.storyboard in Resources */,
				8710EF402395FC6F009D0E0F /* Assets.xcassets in Resources */,
				8710EF3B2395FC6E009D0E0F /* Main.storyboard in Resources */,
			);
			runOnlyForDeploymentPostprocessing = 0;
		};
/* End PBXResourcesBuildPhase section */

/* Begin PBXShellScriptBuildPhase section */
		E9D946A2C0F0BEF3739A800A /* [CP] Check Pods Manifest.lock */ = {
			isa = PBXShellScriptBuildPhase;
			buildActionMask = 2147483647;
			files = (
			);
			inputFileListPaths = (
			);
			inputPaths = (
				"${PODS_PODFILE_DIR_PATH}/Podfile.lock",
				"${PODS_ROOT}/Manifest.lock",
			);
			name = "[CP] Check Pods Manifest.lock";
			outputFileListPaths = (
			);
			outputPaths = (
				"$(DERIVED_FILE_DIR)/Pods-Practical6_MAD2-checkManifestLockResult.txt",
			);
			runOnlyForDeploymentPostprocessing = 0;
			shellPath = /bin/sh;
			shellScript = "diff \"${PODS_PODFILE_DIR_PATH}/Podfile.lock\" \"${PODS_ROOT}/Manifest.lock\" > /dev/null\nif [ $? != 0 ] ; then\n    # print error to STDERR\n    echo \"error: The sandbox is not in sync with the Podfile.lock. Run 'pod install' or update your CocoaPods installation.\" >&2\n    exit 1\nfi\n# This output is used by Xcode 'outputs' to avoid re-running this script phase.\necho \"SUCCESS\" > \"${SCRIPT_OUTPUT_FILE_0}\"\n";
			showEnvVarsInLog = 0;
		};
/* End PBXShellScriptBuildPhase section */

/* Begin PBXSourcesBuildPhase section */
		8710EF2C2395FC6E009D0E0F /* Sources */ = {
			isa = PBXSourcesBuildPhase;
			buildActionMask = 2147483647;
			files = (
				8710EF3E2395FC6E009D0E0F /* Practical6_MAD2.xcdatamodeld in Sources */,
				8710EF5323961116009D0E0F /* QRGeneratorViewController.swift in Sources */,
				8710EF382395FC6E009D0E0F /* ViewController.swift in Sources */,
				8710EF4D23960282009D0E0F /* QRReaderViewController.swift in Sources */,
				8710EF342395FC6E009D0E0F /* AppDelegate.swift in Sources */,
				8710EF362395FC6E009D0E0F /* SceneDelegate.swift in Sources */,
			);
			runOnlyForDeploymentPostprocessing = 0;
		};
/* End PBXSourcesBuildPhase section */

/* Begin PBXVariantGroup section */
		8710EF392395FC6E009D0E0F /* Main.storyboard */ = {
			isa = PBXVariantGroup;
			children = (
				8710EF3A2395FC6E009D0E0F /* Base */,
			);
			name = Main.storyboard;
			sourceTree = "<group>";
		};
		8710EF412395FC6F009D0E0F /* LaunchScreen.storyboard */ = {
			isa = PBXVariantGroup;
			children = (
				8710EF422395FC6F009D0E0F /* Base */,
			);
			name = LaunchScreen.storyboard;
			sourceTree = "<group>";
		};
/* End PBXVariantGroup section */

/* Begin XCBuildConfiguration section */
		8710EF452395FC6F009D0E0F /* Debug */ = {
			isa = XCBuildConfiguration;
			buildSettings = {
				ALWAYS_SEARCH_USER_PATHS = NO;
				CLANG_ANALYZER_NONNULL = YES;
				CLANG_ANALYZER_NUMBER_OBJECT_CONVERSION = YES_AGGRESSIVE;
				CLANG_CXX_LANGUAGE_STANDARD = "gnu++14";
				CLANG_CXX_LIBRARY = "libc++";
				CLANG_ENABLE_MODULES = YES;
				CLANG_ENABLE_OBJC_ARC = YES;
				CLANG_ENABLE_OBJC_WEAK = YES;
				CLANG_WARN_BLOCK_CAPTURE_AUTORELEASING = YES;
				CLANG_WARN_BOOL_CONVERSION = YES;
				CLANG_WARN_COMMA = YES;
				CLANG_WARN_CONSTANT_CONVERSION = YES;
				CLANG_WARN_DEPRECATED_OBJC_IMPLEMENTATIONS = YES;
				CLANG_WARN_DIRECT_OBJC_ISA_USAGE = YES_ERROR;
				CLANG_WARN_DOCUMENTATION_COMMENTS = YES;
				CLANG_WARN_EMPTY_BODY = YES;
				CLANG_WARN_ENUM_CONVERSION = YES;
				CLANG_WARN_INFINITE_RECURSION = YES;
				CLANG_WARN_INT_CONVERSION = YES;
				CLANG_WARN_NON_LITERAL_NULL_CONVERSION = YES;
				CLANG_WARN_OBJC_IMPLICIT_RETAIN_SELF = YES;
				CLANG_WARN_OBJC_LITERAL_CONVERSION = YES;
				CLANG_WARN_OBJC_ROOT_CLASS = YES_ERROR;
				CLANG_WARN_RANGE_LOOP_ANALYSIS = YES;
				CLANG_WARN_STRICT_PROTOTYPES = YES;
				CLANG_WARN_SUSPICIOUS_MOVE = YES;
				CLANG_WARN_UNGUARDED_AVAILABILITY = YES_AGGRESSIVE;
				CLANG_WARN_UNREACHABLE_CODE = YES;
				CLANG_WARN__DUPLICATE_METHOD_MATCH = YES;
				COPY_PHASE_STRIP = NO;
				DEBUG_INFORMATION_FORMAT = dwarf;
				ENABLE_STRICT_OBJC_MSGSEND = YES;
				ENABLE_TESTABILITY = YES;
				GCC_C_LANGUAGE_STANDARD = gnu11;
				GCC_DYNAMIC_NO_PIC = NO;
				GCC_NO_COMMON_BLOCKS = YES;
				GCC_OPTIMIZATION_LEVEL = 0;
				GCC_PREPROCESSOR_DEFINITIONS = (
					"DEBUG=1",
					"$(inherited)",
				);
				GCC_WARN_64_TO_32_BIT_CONVERSION = YES;
				GCC_WARN_ABOUT_RETURN_TYPE = YES_ERROR;
				GCC_WARN_UNDECLARED_SELECTOR = YES;
				GCC_WARN_UNINITIALIZED_AUTOS = YES_AGGRESSIVE;
				GCC_WARN_UNUSED_FUNCTION = YES;
				GCC_WARN_UNUSED_VARIABLE = YES;
				IPHONEOS_DEPLOYMENT_TARGET = 13.0;
				MTL_ENABLE_DEBUG_INFO = INCLUDE_SOURCE;
				MTL_FAST_MATH = YES;
				ONLY_ACTIVE_ARCH = YES;
				SDKROOT = iphoneos;
				SWIFT_ACTIVE_COMPILATION_CONDITIONS = DEBUG;
				SWIFT_OPTIMIZATION_LEVEL = "-Onone";
			};
			name = Debug;
		};
		8710EF462395FC6F009D0E0F /* Release */ = {
			isa = XCBuildConfiguration;
			buildSettings = {
				ALWAYS_SEARCH_USER_PATHS = NO;
				CLANG_ANALYZER_NONNULL = YES;
				CLANG_ANALYZER_NUMBER_OBJECT_CONVERSION = YES_AGGRESSIVE;
				CLANG_CXX_LANGUAGE_STANDARD = "gnu++14";
				CLANG_CXX_LIBRARY = "libc++";
				CLANG_ENABLE_MODULES = YES;
				CLANG_ENABLE_OBJC_ARC = YES;
				CLANG_ENABLE_OBJC_WEAK = YES;
				CLANG_WARN_BLOCK_CAPTURE_AUTORELEASING = YES;
				CLANG_WARN_BOOL_CONVERSION = YES;
				CLANG_WARN_COMMA = YES;
				CLANG_WARN_CONSTANT_CONVERSION = YES;
				CLANG_WARN_DEPRECATED_OBJC_IMPLEMENTATIONS = YES;
				CLANG_WARN_DIRECT_OBJC_ISA_USAGE = YES_ERROR;
				CLANG_WARN_DOCUMENTATION_COMMENTS = YES;
				CLANG_WARN_EMPTY_BODY = YES;
				CLANG_WARN_ENUM_CONVERSION = YES;
				CLANG_WARN_INFINITE_RECURSION = YES;
				CLANG_WARN_INT_CONVERSION = YES;
				CLANG_WARN_NON_LITERAL_NULL_CONVERSION = YES;
				CLANG_WARN_OBJC_IMPLICIT_RETAIN_SELF = YES;
				CLANG_WARN_OBJC_LITERAL_CONVERSION = YES;
				CLANG_WARN_OBJC_ROOT_CLASS = YES_ERROR;
				CLANG_WARN_RANGE_LOOP_ANALYSIS = YES;
				CLANG_WARN_STRICT_PROTOTYPES = YES;
				CLANG_WARN_SUSPICIOUS_MOVE = YES;
				CLANG_WARN_UNGUARDED_AVAILABILITY = YES_AGGRESSIVE;
				CLANG_WARN_UNREACHABLE_CODE = YES;
				CLANG_WARN__DUPLICATE_METHOD_MATCH = YES;
				COPY_PHASE_STRIP = NO;
				DEBUG_INFORMATION_FORMAT = "dwarf-with-dsym";
				ENABLE_NS_ASSERTIONS = NO;
				ENABLE_STRICT_OBJC_MSGSEND = YES;
				GCC_C_LANGUAGE_STANDARD = gnu11;
				GCC_NO_COMMON_BLOCKS = YES;
				GCC_WARN_64_TO_32_BIT_CONVERSION = YES;
				GCC_WARN_ABOUT_RETURN_TYPE = YES_ERROR;
				GCC_WARN_UNDECLARED_SELECTOR = YES;
				GCC_WARN_UNINITIALIZED_AUTOS = YES_AGGRESSIVE;
				GCC_WARN_UNUSED_FUNCTION = YES;
				GCC_WARN_UNUSED_VARIABLE = YES;
				IPHONEOS_DEPLOYMENT_TARGET = 13.0;
				MTL_ENABLE_DEBUG_INFO = NO;
				MTL_FAST_MATH = YES;
				SDKROOT = iphoneos;
				SWIFT_COMPILATION_MODE = wholemodule;
				SWIFT_OPTIMIZATION_LEVEL = "-O";
				VALIDATE_PRODUCT = YES;
			};
			name = Release;
		};
		8710EF482395FC6F009D0E0F /* Debug */ = {
			isa = XCBuildConfiguration;
			baseConfigurationReference = E6526D5F6A8C32EADB46CD29 /* Pods-Practical6_MAD2.debug.xcconfig */;
			buildSettings = {
				ASSETCATALOG_COMPILER_APPICON_NAME = AppIcon;
				CODE_SIGN_STYLE = Automatic;
				INFOPLIST_FILE = Practical6_MAD2/Info.plist;
				LD_RUNPATH_SEARCH_PATHS = (
					"$(inherited)",
					"@executable_path/Frameworks",
				);
				PRODUCT_BUNDLE_IDENTIFIER = "sg.MAD2.Practical6-MAD2";
				PRODUCT_NAME = "$(TARGET_NAME)";
				SWIFT_VERSION = 5.0;
				TARGETED_DEVICE_FAMILY = "1,2";
			};
			name = Debug;
		};
		8710EF492395FC6F009D0E0F /* Release */ = {
			isa = XCBuildConfiguration;
			baseConfigurationReference = 85E88B09D641E759CDA1DAC5 /* Pods-Practical6_MAD2.release.xcconfig */;
			buildSettings = {
				ASSETCATALOG_COMPILER_APPICON_NAME = AppIcon;
				CODE_SIGN_STYLE = Automatic;
				INFOPLIST_FILE = Practical6_MAD2/Info.plist;
				LD_RUNPATH_SEARCH_PATHS = (
					"$(inherited)",
					"@executable_path/Frameworks",
				);
				PRODUCT_BUNDLE_IDENTIFIER = "sg.MAD2.Practical6-MAD2";
				PRODUCT_NAME = "$(TARGET_NAME)";
				SWIFT_VERSION = 5.0;
				TARGETED_DEVICE_FAMILY = "1,2";
			};
			name = Release;
		};
/* End XCBuildConfiguration section */

/* Begin XCConfigurationList section */
		8710EF2B2395FC6E009D0E0F /* Build configuration list for PBXProject "Practical6_MAD2" */ = {
			isa = XCConfigurationList;
			buildConfigurations = (
				8710EF452395FC6F009D0E0F /* Debug */,
				8710EF462395FC6F009D0E0F /* Release */,
			);
			defaultConfigurationIsVisible = 0;
			defaultConfigurationName = Release;
		};
		8710EF472395FC6F009D0E0F /* Build configuration list for PBXNativeTarget "Practical6_MAD2" */ = {
			isa = XCConfigurationList;
			buildConfigurations = (
				8710EF482395FC6F009D0E0F /* Debug */,
				8710EF492395FC6F009D0E0F /* Release */,
			);
			defaultConfigurationIsVisible = 0;
			defaultConfigurationName = Release;
		};
/* End XCConfigurationList section */

/* Begin XCVersionGroup section */
		8710EF3C2395FC6E009D0E0F /* Practical6_MAD2.xcdatamodeld */ = {
			isa = XCVersionGroup;
			children = (
				8710EF3D2395FC6E009D0E0F /* Practical6_MAD2.xcdatamodel */,
			);
			currentVersion = 8710EF3D2395FC6E009D0E0F /* Practical6_MAD2.xcdatamodel */;
			path = Practical6_MAD2.xcdatamodeld;
			sourceTree = "<group>";
			versionGroupType = wrapper.xcdatamodel;
		};
/* End XCVersionGroup section */
	};
	rootObject = 8710EF282395FC6E009D0E0F /* Project object */;
}
